
Microsoft Visual Studio Solution File, Format Version 12.00
# Visual Studio Version 17
VisualStudioVersion = 17.2.32616.157
MinimumVisualStudioVersion = 10.0.40219.1
Project("{9A19103F-16F7-4668-BE54-9A1E7A4F7556}") = "BlazorBattles.Server", "BlazorBattles\Server\BlazorBattles.Server.csproj", "{2D750803-0980-4050-A542-1F12AD2C2DDB}"
EndProject
Project("{9A19103F-16F7-4668-BE54-9A1E7A4F7556}") = "BlazorBattles.Client", "BlazorBattles\Client\BlazorBattles.Client.csproj", "{CA301C2F-A41C-4546-8388-6CB0458A414F}"
EndProject
Project("{9A19103F-16F7-4668-BE54-9A1E7A4F7556}") = "BlazorBattles.Shared", "BlazorBattles\Shared\BlazorBattles.Shared.csproj", "{215557AC-9183-488C-BAE0-0E3960A11F4D}"
EndProject
Global
	GlobalSection(SolutionConfigurationPlatforms) = preSolution
		Debug|Any CPU = Debug|Any CPU
		Release|Any CPU = Release|Any CPU
	EndGlobalSection
	GlobalSection(ProjectConfigurationPlatforms) = postSolution
		{2D750803-0980-4050-A542-1F12AD2C2DDB}.Debug|Any CPU.ActiveCfg = Debug|Any CPU
		{2D750803-0980-4050-A542-1F12AD2C2DDB}.Debug|Any CPU.Build.0 = Debug|Any CPU
		{2D750803-0980-4050-A542-1F12AD2C2DDB}.Release|Any CPU.ActiveCfg = Release|Any CPU
		{2D750803-0980-4050-A542-1F12AD2C2DDB}.Release|Any CPU.Build.0 = Release|Any CPU
		{CA301C2F-A41C-4546-8388-6CB0458A414F}.Debug|Any CPU.ActiveCfg = Debug|Any CPU
		{CA301C2F-A41C-4546-8388-6CB0458A414F}.Debug|Any CPU.Build.0 = Debug|Any CPU
		{CA301C2F-A41C-4546-8388-6CB0458A414F}.Release|Any CPU.ActiveCfg = Release|Any CPU
		{CA301C2F-A41C-4546-8388-6CB0458A414F}.Release|Any CPU.Build.0 = Release|Any CPU
		{215557AC-9183-488C-BAE0-0E3960A11F4D}.Debug|Any CPU.ActiveCfg = Debug|Any CPU
		{215557AC-9183-488C-BAE0-0E3960A11F4D}.Debug|Any CPU.Build.0 = Debug|Any CPU
		{215557AC-9183-488C-BAE0-0E3960A11F4D}.Release|Any CPU.ActiveCfg = Release|Any CPU
		{215557AC-9183-488C-BAE0-0E3960A11F4D}.Release|Any CPU.Build.0 = Release|Any CPU
	EndGlobalSection
	GlobalSection(SolutionProperties) = preSolution
		HideSolutionNode = FALSE
	EndGlobalSection
	GlobalSection(ExtensibilityGlobals) = postSolution
		SolutionGuid = {579E04C4-1417-44E0-A392-08DB4C2F4696}
	EndGlobalSection
EndGlobal
